
Microsoft Visual Studio Solution File, Format Version 12.00
# Visual Studio Version 17
VisualStudioVersion = 17.6.33829.357
MinimumVisualStudioVersion = 10.0.40219.1
Project("{9A19103F-16F7-4668-BE54-9A1E7A4F7556}") = "OpenCredentialPublisher.PublishingService.Functions", "OpenCredentialPublisher.PublishingService.Functions\OpenCredentialPublisher.PublishingService.Functions.csproj", "{8043B6E6-FEB9-4521-87C0-6854C9A742A6}"
EndProject
Project("{2150E333-8FDC-42A3-9474-1A3956D46DE8}") = "apps", "apps", "{FED15775-7BEB-4FAF-BEF9-843960F8C890}"
EndProject
Project("{9A19103F-16F7-4668-BE54-9A1E7A4F7556}") = "OpenCredentialPublisher.PublishingService.Api", "OpenCredentialPublisher.PublishingService.Api\OpenCredentialPublisher.PublishingService.Api.csproj", "{B967F57F-47F2-4272-B6ED-A9FC32664248}"
EndProject
Project("{2150E333-8FDC-42A3-9474-1A3956D46DE8}") = "Solution Items", "Solution Items", "{89A570CB-FB87-4DE8-A4D2-E3A53486849B}"
EndProject
Project("{2150E333-8FDC-42A3-9474-1A3956D46DE8}") = "test", "test", "{20F75D05-95E5-4E50-9E2E-C7A9D38E826C}"
EndProject
Project("{9A19103F-16F7-4668-BE54-9A1E7A4F7556}") = "Credentials.Tests", "test\Credentials.Tests\Credentials.Tests.csproj", "{B6B80EE2-CA24-4275-8A88-1583FD16CAD0}"
EndProject
Project("{9A19103F-16F7-4668-BE54-9A1E7A4F7556}") = "OpenCredentialPublisher.Credentials.Clrs.v1_0", "OpenCredentialPublisher.Credentials.Clrs.v1_0\OpenCredentialPublisher.Credentials.Clrs.v1_0.csproj", "{ECB55012-DD51-4E32-A000-0B0BF2F7D95A}"
EndProject
Project("{9A19103F-16F7-4668-BE54-9A1E7A4F7556}") = "OpenCredentialPublisher.Credentials.Clrs.v2_0", "OpenCredentialPublisher.Credentials.Clrs.v2_0\OpenCredentialPublisher.Credentials.Clrs.v2_0.csproj", "{9A17D2F4-418E-433C-8274-E9E2B06524C5}"
EndProject
Project("{9A19103F-16F7-4668-BE54-9A1E7A4F7556}") = "OpenCredentialPublisher.Credentials", "OpenCredentialPublisher.Credentials\OpenCredentialPublisher.Credentials.csproj", "{47020942-9FAB-4150-8F37-A415B9B6B8AE}"
EndProject
Project("{9A19103F-16F7-4668-BE54-9A1E7A4F7556}") = "OpenCredentialPublisher.Credentials.Cryptography", "OpenCredentialPublisher.Credentials.Cryptography\OpenCredentialPublisher.Credentials.Cryptography.csproj", "{CF5D964C-7311-4E25-929F-2EA06A5C8BD0}"
EndProject
Project("{9A19103F-16F7-4668-BE54-9A1E7A4F7556}") = "OpenCredentialPublisher.Credentials.Drawing", "OpenCredentialPublisher.Credentials.Drawing\OpenCredentialPublisher.Credentials.Drawing.csproj", "{E23D0C0A-F48D-4857-B711-3BBA34E5B15B}"
EndProject
Project("{9A19103F-16F7-4668-BE54-9A1E7A4F7556}") = "OpenCredentialPublisher.Credentials.VerifiableCredentials", "OpenCredentialPublisher.Credentials.VerifiableCredentials\OpenCredentialPublisher.Credentials.VerifiableCredentials.csproj", "{767DA64A-659B-4995-B1E2-A356317C9A4E}"
EndProject
Project("{9A19103F-16F7-4668-BE54-9A1E7A4F7556}") = "OpenCredentialPublisher.PublishingService.Data", "OpenCredentialPublisher.PublishingService.Data\OpenCredentialPublisher.PublishingService.Data.csproj", "{D386E5DD-89B9-438A-88D6-59E3CEF94CE0}"
EndProject
Project("{9A19103F-16F7-4668-BE54-9A1E7A4F7556}") = "OpenCredentialPublisher.PublishingService.Services", "OpenCredentialPublisher.PublishingService.Services\OpenCredentialPublisher.PublishingService.Services.csproj", "{587A6FD8-4B73-4289-9E06-E562ED8434D7}"
EndProject
Project("{9A19103F-16F7-4668-BE54-9A1E7A4F7556}") = "OpenCredentialPublisher.PublishingService.Shared", "OpenCredentialPublisher.PublishingService.Shared\OpenCredentialPublisher.PublishingService.Shared.csproj", "{01087120-90B8-42DC-BE93-769120A0D720}"
EndProject
Global
	GlobalSection(SolutionConfigurationPlatforms) = preSolution
		Debug|Any CPU = Debug|Any CPU
		Dev|Any CPU = Dev|Any CPU
		Qa|Any CPU = Qa|Any CPU
		Release|Any CPU = Release|Any CPU
	EndGlobalSection
	GlobalSection(ProjectConfigurationPlatforms) = postSolution
		{8043B6E6-FEB9-4521-87C0-6854C9A742A6}.Debug|Any CPU.ActiveCfg = Debug|Any CPU
		{8043B6E6-FEB9-4521-87C0-6854C9A742A6}.Debug|Any CPU.Build.0 = Debug|Any CPU
		{8043B6E6-FEB9-4521-87C0-6854C9A742A6}.Dev|Any CPU.ActiveCfg = Dev|Any CPU
		{8043B6E6-FEB9-4521-87C0-6854C9A742A6}.Dev|Any CPU.Build.0 = Dev|Any CPU
		{8043B6E6-FEB9-4521-87C0-6854C9A742A6}.Qa|Any CPU.ActiveCfg = Qa|Any CPU
		{8043B6E6-FEB9-4521-87C0-6854C9A742A6}.Qa|Any CPU.Build.0 = Qa|Any CPU
		{8043B6E6-FEB9-4521-87C0-6854C9A742A6}.Release|Any CPU.ActiveCfg = Release|Any CPU
		{8043B6E6-FEB9-4521-87C0-6854C9A742A6}.Release|Any CPU.Build.0 = Release|Any CPU
		{B967F57F-47F2-4272-B6ED-A9FC32664248}.Debug|Any CPU.ActiveCfg = Debug|Any CPU
		{B967F57F-47F2-4272-B6ED-A9FC32664248}.Debug|Any CPU.Build.0 = Debug|Any CPU
		{B967F57F-47F2-4272-B6ED-A9FC32664248}.Dev|Any CPU.ActiveCfg = Dev|Any CPU
		{B967F57F-47F2-4272-B6ED-A9FC32664248}.Dev|Any CPU.Build.0 = Dev|Any CPU
		{B967F57F-47F2-4272-B6ED-A9FC32664248}.Qa|Any CPU.ActiveCfg = Qa|Any CPU
		{B967F57F-47F2-4272-B6ED-A9FC32664248}.Qa|Any CPU.Build.0 = Qa|Any CPU
		{B967F57F-47F2-4272-B6ED-A9FC32664248}.Release|Any CPU.ActiveCfg = Release|Any CPU
		{B967F57F-47F2-4272-B6ED-A9FC32664248}.Release|Any CPU.Build.0 = Release|Any CPU
		{B6B80EE2-CA24-4275-8A88-1583FD16CAD0}.Debug|Any CPU.ActiveCfg = Debug|Any CPU
		{B6B80EE2-CA24-4275-8A88-1583FD16CAD0}.Debug|Any CPU.Build.0 = Debug|Any CPU
		{B6B80EE2-CA24-4275-8A88-1583FD16CAD0}.Dev|Any CPU.ActiveCfg = Dev|Any CPU
		{B6B80EE2-CA24-4275-8A88-1583FD16CAD0}.Dev|Any CPU.Build.0 = Dev|Any CPU
		{B6B80EE2-CA24-4275-8A88-1583FD16CAD0}.Qa|Any CPU.ActiveCfg = Qa|Any CPU
		{B6B80EE2-CA24-4275-8A88-1583FD16CAD0}.Qa|Any CPU.Build.0 = Qa|Any CPU
		{B6B80EE2-CA24-4275-8A88-1583FD16CAD0}.Release|Any CPU.ActiveCfg = Release|Any CPU
		{B6B80EE2-CA24-4275-8A88-1583FD16CAD0}.Release|Any CPU.Build.0 = Release|Any CPU
		{ECB55012-DD51-4E32-A000-0B0BF2F7D95A}.Debug|Any CPU.ActiveCfg = Debug|Any CPU
		{ECB55012-DD51-4E32-A000-0B0BF2F7D95A}.Debug|Any CPU.Build.0 = Debug|Any CPU
		{ECB55012-DD51-4E32-A000-0B0BF2F7D95A}.Dev|Any CPU.ActiveCfg = Dev|Any CPU
		{ECB55012-DD51-4E32-A000-0B0BF2F7D95A}.Dev|Any CPU.Build.0 = Dev|Any CPU
		{ECB55012-DD51-4E32-A000-0B0BF2F7D95A}.Qa|Any CPU.ActiveCfg = Qa|Any CPU
		{ECB55012-DD51-4E32-A000-0B0BF2F7D95A}.Qa|Any CPU.Build.0 = Qa|Any CPU
		{ECB55012-DD51-4E32-A000-0B0BF2F7D95A}.Release|Any CPU.ActiveCfg = Release|Any CPU
		{ECB55012-DD51-4E32-A000-0B0BF2F7D95A}.Release|Any CPU.Build.0 = Release|Any CPU
		{9A17D2F4-418E-433C-8274-E9E2B06524C5}.Debug|Any CPU.ActiveCfg = Debug|Any CPU
		{9A17D2F4-418E-433C-8274-E9E2B06524C5}.Debug|Any CPU.Build.0 = Debug|Any CPU
		{9A17D2F4-418E-433C-8274-E9E2B06524C5}.Dev|Any CPU.ActiveCfg = Dev|Any CPU
		{9A17D2F4-418E-433C-8274-E9E2B06524C5}.Dev|Any CPU.Build.0 = Dev|Any CPU
		{9A17D2F4-418E-433C-8274-E9E2B06524C5}.Qa|Any CPU.ActiveCfg = Qa|Any CPU
		{9A17D2F4-418E-433C-8274-E9E2B06524C5}.Qa|Any CPU.Build.0 = Qa|Any CPU
		{9A17D2F4-418E-433C-8274-E9E2B06524C5}.Release|Any CPU.ActiveCfg = Release|Any CPU
		{9A17D2F4-418E-433C-8274-E9E2B06524C5}.Release|Any CPU.Build.0 = Release|Any CPU
		{47020942-9FAB-4150-8F37-A415B9B6B8AE}.Debug|Any CPU.ActiveCfg = Debug|Any CPU
		{47020942-9FAB-4150-8F37-A415B9B6B8AE}.Debug|Any CPU.Build.0 = Debug|Any CPU
		{47020942-9FAB-4150-8F37-A415B9B6B8AE}.Dev|Any CPU.ActiveCfg = Dev|Any CPU
		{47020942-9FAB-4150-8F37-A415B9B6B8AE}.Dev|Any CPU.Build.0 = Dev|Any CPU
		{47020942-9FAB-4150-8F37-A415B9B6B8AE}.Qa|Any CPU.ActiveCfg = Qa|Any CPU
		{47020942-9FAB-4150-8F37-A415B9B6B8AE}.Qa|Any CPU.Build.0 = Qa|Any CPU
		{47020942-9FAB-4150-8F37-A415B9B6B8AE}.Release|Any CPU.ActiveCfg = Release|Any CPU
		{47020942-9FAB-4150-8F37-A415B9B6B8AE}.Release|Any CPU.Build.0 = Release|Any CPU
		{CF5D964C-7311-4E25-929F-2EA06A5C8BD0}.Debug|Any CPU.ActiveCfg = Debug|Any CPU
		{CF5D964C-7311-4E25-929F-2EA06A5C8BD0}.Debug|Any CPU.Build.0 = Debug|Any CPU
		{CF5D964C-7311-4E25-929F-2EA06A5C8BD0}.Dev|Any CPU.ActiveCfg = Dev|Any CPU
		{CF5D964C-7311-4E25-929F-2EA06A5C8BD0}.Dev|Any CPU.Build.0 = Dev|Any CPU
		{CF5D964C-7311-4E25-929F-2EA06A5C8BD0}.Qa|Any CPU.ActiveCfg = Qa|Any CPU
		{CF5D964C-7311-4E25-929F-2EA06A5C8BD0}.Qa|Any CPU.Build.0 = Qa|Any CPU
		{CF5D964C-7311-4E25-929F-2EA06A5C8BD0}.Release|Any CPU.ActiveCfg = Release|Any CPU
		{CF5D964C-7311-4E25-929F-2EA06A5C8BD0}.Release|Any CPU.Build.0 = Release|Any CPU
		{E23D0C0A-F48D-4857-B711-3BBA34E5B15B}.Debug|Any CPU.ActiveCfg = Debug|Any CPU
		{E23D0C0A-F48D-4857-B711-3BBA34E5B15B}.Debug|Any CPU.Build.0 = Debug|Any CPU
		{E23D0C0A-F48D-4857-B711-3BBA34E5B15B}.Dev|Any CPU.ActiveCfg = Dev|Any CPU
		{E23D0C0A-F48D-4857-B711-3BBA34E5B15B}.Dev|Any CPU.Build.0 = Dev|Any CPU
		{E23D0C0A-F48D-4857-B711-3BBA34E5B15B}.Qa|Any CPU.ActiveCfg = Qa|Any CPU
		{E23D0C0A-F48D-4857-B711-3BBA34E5B15B}.Qa|Any CPU.Build.0 = Qa|Any CPU
		{E23D0C0A-F48D-4857-B711-3BBA34E5B15B}.Release|Any CPU.ActiveCfg = Release|Any CPU
		{E23D0C0A-F48D-4857-B711-3BBA34E5B15B}.Release|Any CPU.Build.0 = Release|Any CPU
		{767DA64A-659B-4995-B1E2-A356317C9A4E}.Debug|Any CPU.ActiveCfg = Debug|Any CPU
		{767DA64A-659B-4995-B1E2-A356317C9A4E}.Debug|Any CPU.Build.0 = Debug|Any CPU
		{767DA64A-659B-4995-B1E2-A356317C9A4E}.Dev|Any CPU.ActiveCfg = Dev|Any CPU
		{767DA64A-659B-4995-B1E2-A356317C9A4E}.Dev|Any CPU.Build.0 = Dev|Any CPU
		{767DA64A-659B-4995-B1E2-A356317C9A4E}.Qa|Any CPU.ActiveCfg = Qa|Any CPU
		{767DA64A-659B-4995-B1E2-A356317C9A4E}.Qa|Any CPU.Build.0 = Qa|Any CPU
		{767DA64A-659B-4995-B1E2-A356317C9A4E}.Release|Any CPU.ActiveCfg = Release|Any CPU
		{767DA64A-659B-4995-B1E2-A356317C9A4E}.Release|Any CPU.Build.0 = Release|Any CPU
		{D386E5DD-89B9-438A-88D6-59E3CEF94CE0}.Debug|Any CPU.ActiveCfg = Debug|Any CPU
		{D386E5DD-89B9-438A-88D6-59E3CEF94CE0}.Debug|Any CPU.Build.0 = Debug|Any CPU
		{D386E5DD-89B9-438A-88D6-59E3CEF94CE0}.Dev|Any CPU.ActiveCfg = Dev|Any CPU
		{D386E5DD-89B9-438A-88D6-59E3CEF94CE0}.Dev|Any CPU.Build.0 = Dev|Any CPU
		{D386E5DD-89B9-438A-88D6-59E3CEF94CE0}.Qa|Any CPU.ActiveCfg = Qa|Any CPU
		{D386E5DD-89B9-438A-88D6-59E3CEF94CE0}.Qa|Any CPU.Build.0 = Qa|Any CPU
		{D386E5DD-89B9-438A-88D6-59E3CEF94CE0}.Release|Any CPU.ActiveCfg = Release|Any CPU
		{D386E5DD-89B9-438A-88D6-59E3CEF94CE0}.Release|Any CPU.Build.0 = Release|Any CPU
		{587A6FD8-4B73-4289-9E06-E562ED8434D7}.Debug|Any CPU.ActiveCfg = Debug|Any CPU
		{587A6FD8-4B73-4289-9E06-E562ED8434D7}.Debug|Any CPU.Build.0 = Debug|Any CPU
		{587A6FD8-4B73-4289-9E06-E562ED8434D7}.Dev|Any CPU.ActiveCfg = Dev|Any CPU
		{587A6FD8-4B73-4289-9E06-E562ED8434D7}.Dev|Any CPU.Build.0 = Dev|Any CPU
		{587A6FD8-4B73-4289-9E06-E562ED8434D7}.Qa|Any CPU.ActiveCfg = Qa|Any CPU
		{587A6FD8-4B73-4289-9E06-E562ED8434D7}.Qa|Any CPU.Build.0 = Qa|Any CPU
		{587A6FD8-4B73-4289-9E06-E562ED8434D7}.Release|Any CPU.ActiveCfg = Release|Any CPU
		{587A6FD8-4B73-4289-9E06-E562ED8434D7}.Release|Any CPU.Build.0 = Release|Any CPU
		{01087120-90B8-42DC-BE93-769120A0D720}.Debug|Any CPU.ActiveCfg = Debug|Any CPU
		{01087120-90B8-42DC-BE93-769120A0D720}.Debug|Any CPU.Build.0 = Debug|Any CPU
		{01087120-90B8-42DC-BE93-769120A0D720}.Dev|Any CPU.ActiveCfg = Dev|Any CPU
		{01087120-90B8-42DC-BE93-769120A0D720}.Dev|Any CPU.Build.0 = Dev|Any CPU
		{01087120-90B8-42DC-BE93-769120A0D720}.Qa|Any CPU.ActiveCfg = Qa|Any CPU
		{01087120-90B8-42DC-BE93-769120A0D720}.Qa|Any CPU.Build.0 = Qa|Any CPU
		{01087120-90B8-42DC-BE93-769120A0D720}.Release|Any CPU.ActiveCfg = Release|Any CPU
		{01087120-90B8-42DC-BE93-769120A0D720}.Release|Any CPU.Build.0 = Release|Any CPU
	EndGlobalSection
	GlobalSection(SolutionProperties) = preSolution
		HideSolutionNode = FALSE
	EndGlobalSection
	GlobalSection(NestedProjects) = preSolution
		{8043B6E6-FEB9-4521-87C0-6854C9A742A6} = {FED15775-7BEB-4FAF-BEF9-843960F8C890}
		{B967F57F-47F2-4272-B6ED-A9FC32664248} = {FED15775-7BEB-4FAF-BEF9-843960F8C890}
		{B6B80EE2-CA24-4275-8A88-1583FD16CAD0} = {20F75D05-95E5-4E50-9E2E-C7A9D38E826C}
	EndGlobalSection
	GlobalSection(ExtensibilityGlobals) = postSolution
		SolutionGuid = {8D275932-FBCE-4824-8276-FCDC4B004194}
	EndGlobalSection
EndGlobal
