
Microsoft Visual Studio Solution File, Format Version 12.00
# Visual Studio Version 16
VisualStudioVersion = 16.0.29709.97
MinimumVisualStudioVersion = 10.0.40219.1
Project("{9A19103F-16F7-4668-BE54-9A1E7A4F7556}") = "OpenCredentialPublisher.PublishingService.Functions", "OpenCredentialPublisher.PublishingService.Functions\OpenCredentialPublisher.PublishingService.Functions.csproj", "{8043B6E6-FEB9-4521-87C0-6854C9A742A6}"
EndProject
Project("{2150E333-8FDC-42A3-9474-1A3956D46DE8}") = "src", "src", "{B00F447E-9213-4875-A8BD-244CA7E33318}"
EndProject
Project("{2150E333-8FDC-42A3-9474-1A3956D46DE8}") = "apps", "apps", "{FED15775-7BEB-4FAF-BEF9-843960F8C890}"
EndProject
Project("{9A19103F-16F7-4668-BE54-9A1E7A4F7556}") = "OpenCredentialPublisher.PublishingService.Api", "OpenCredentialPublisher.PublishingService.Api\OpenCredentialPublisher.PublishingService.Api.csproj", "{B967F57F-47F2-4272-B6ED-A9FC32664248}"
EndProject
Project("{2150E333-8FDC-42A3-9474-1A3956D46DE8}") = "Solution Items", "Solution Items", "{89A570CB-FB87-4DE8-A4D2-E3A53486849B}"
EndProject
Project("{9A19103F-16F7-4668-BE54-9A1E7A4F7556}") = "OpenCredentialPublisher.PublishingService.Data", "src\OpenCredentialPublisher.PublishingService.Data\OpenCredentialPublisher.PublishingService.Data.csproj", "{CCFD5513-281B-438F-9648-6EBAFEDB7CC1}"
EndProject
Project("{9A19103F-16F7-4668-BE54-9A1E7A4F7556}") = "OpenCredentialPublisher.PublishingService.Services", "src\OpenCredentialPublisher.PublishingService.Services\OpenCredentialPublisher.PublishingService.Services.csproj", "{EE5C53C5-60E3-46F2-B31B-42F7D7A19E2E}"
EndProject
Project("{9A19103F-16F7-4668-BE54-9A1E7A4F7556}") = "OpenCredentialPublisher.Credentials.Cryptography", "src\OpenCredentialPublisher.Credentials.Cryptography\OpenCredentialPublisher.Credentials.Cryptography.csproj", "{8B39E151-B67D-4C39-AADA-9EFD70FA6659}"
EndProject
Project("{9A19103F-16F7-4668-BE54-9A1E7A4F7556}") = "OpenCredentialPublisher.Credentials.Clrs", "src\OpenCredentialPublisher.Credentials.Clrs\OpenCredentialPublisher.Credentials.Clrs.csproj", "{ECB55012-DD51-4E32-A000-0B0BF2F7D95A}"
EndProject
Project("{9A19103F-16F7-4668-BE54-9A1E7A4F7556}") = "OpenCredentialPublisher.Credentials.VerifiableCredentials", "src\OpenCredentialPublisher.Credentials.VerifiableCredentials\OpenCredentialPublisher.Credentials.VerifiableCredentials.csproj", "{611E30CF-E3F8-49FE-ACDE-DDF0DE02CD7A}"
EndProject
Project("{2150E333-8FDC-42A3-9474-1A3956D46DE8}") = "Credentials", "Credentials", "{D3D9B52E-0883-4163-B8BC-3175DB6A992D}"
EndProject
Project("{2150E333-8FDC-42A3-9474-1A3956D46DE8}") = "test", "test", "{20F75D05-95E5-4E50-9E2E-C7A9D38E826C}"
EndProject
Project("{9A19103F-16F7-4668-BE54-9A1E7A4F7556}") = "Credentials.Tests", "test\Credentials.Tests\Credentials.Tests.csproj", "{B6B80EE2-CA24-4275-8A88-1583FD16CAD0}"
EndProject
Project("{9A19103F-16F7-4668-BE54-9A1E7A4F7556}") = "AzureKeyVault.Tests", "test\AzureKeyVault.Tests\AzureKeyVault.Tests.csproj", "{45DC6511-B5EE-444C-A773-911C7F0D5C53}"
EndProject
Project("{9A19103F-16F7-4668-BE54-9A1E7A4F7556}") = "OpenCredentialPublisher.Credentials.Drawing", "src\OpenCredentialPublisher.Credentials.Drawing\OpenCredentialPublisher.Credentials.Drawing.csproj", "{C09F88D0-4846-48D7-8C15-8FA6861D4344}"
EndProject
Project("{9A19103F-16F7-4668-BE54-9A1E7A4F7556}") = "OpenCredentialPublisher.PublishingService.Shared", "src\OpenCredentialPublisher.PublishingService.Shared\OpenCredentialPublisher.PublishingService.Shared.csproj", "{E81DE0FA-E828-4D3A-AF74-29C8B86CA953}"
EndProject
Global
	GlobalSection(SolutionConfigurationPlatforms) = preSolution
		Debug|Any CPU = Debug|Any CPU
		Dev|Any CPU = Dev|Any CPU
		Qa|Any CPU = Qa|Any CPU
		Release|Any CPU = Release|Any CPU
	EndGlobalSection
	GlobalSection(ProjectConfigurationPlatforms) = postSolution
		{8043B6E6-FEB9-4521-87C0-6854C9A742A6}.Debug|Any CPU.ActiveCfg = Debug|Any CPU
		{8043B6E6-FEB9-4521-87C0-6854C9A742A6}.Debug|Any CPU.Build.0 = Debug|Any CPU
		{8043B6E6-FEB9-4521-87C0-6854C9A742A6}.Dev|Any CPU.ActiveCfg = Dev|Any CPU
		{8043B6E6-FEB9-4521-87C0-6854C9A742A6}.Dev|Any CPU.Build.0 = Dev|Any CPU
		{8043B6E6-FEB9-4521-87C0-6854C9A742A6}.Qa|Any CPU.ActiveCfg = Qa|Any CPU
		{8043B6E6-FEB9-4521-87C0-6854C9A742A6}.Qa|Any CPU.Build.0 = Qa|Any CPU
		{8043B6E6-FEB9-4521-87C0-6854C9A742A6}.Release|Any CPU.ActiveCfg = Release|Any CPU
		{8043B6E6-FEB9-4521-87C0-6854C9A742A6}.Release|Any CPU.Build.0 = Release|Any CPU
		{B967F57F-47F2-4272-B6ED-A9FC32664248}.Debug|Any CPU.ActiveCfg = Debug|Any CPU
		{B967F57F-47F2-4272-B6ED-A9FC32664248}.Debug|Any CPU.Build.0 = Debug|Any CPU
		{B967F57F-47F2-4272-B6ED-A9FC32664248}.Dev|Any CPU.ActiveCfg = Dev|Any CPU
		{B967F57F-47F2-4272-B6ED-A9FC32664248}.Dev|Any CPU.Build.0 = Dev|Any CPU
		{B967F57F-47F2-4272-B6ED-A9FC32664248}.Qa|Any CPU.ActiveCfg = Qa|Any CPU
		{B967F57F-47F2-4272-B6ED-A9FC32664248}.Qa|Any CPU.Build.0 = Qa|Any CPU
		{B967F57F-47F2-4272-B6ED-A9FC32664248}.Release|Any CPU.ActiveCfg = Release|Any CPU
		{B967F57F-47F2-4272-B6ED-A9FC32664248}.Release|Any CPU.Build.0 = Release|Any CPU
		{CCFD5513-281B-438F-9648-6EBAFEDB7CC1}.Debug|Any CPU.ActiveCfg = Debug|Any CPU
		{CCFD5513-281B-438F-9648-6EBAFEDB7CC1}.Debug|Any CPU.Build.0 = Debug|Any CPU
		{CCFD5513-281B-438F-9648-6EBAFEDB7CC1}.Dev|Any CPU.ActiveCfg = Dev|Any CPU
		{CCFD5513-281B-438F-9648-6EBAFEDB7CC1}.Dev|Any CPU.Build.0 = Dev|Any CPU
		{CCFD5513-281B-438F-9648-6EBAFEDB7CC1}.Qa|Any CPU.ActiveCfg = Qa|Any CPU
		{CCFD5513-281B-438F-9648-6EBAFEDB7CC1}.Qa|Any CPU.Build.0 = Qa|Any CPU
		{CCFD5513-281B-438F-9648-6EBAFEDB7CC1}.Release|Any CPU.ActiveCfg = Release|Any CPU
		{CCFD5513-281B-438F-9648-6EBAFEDB7CC1}.Release|Any CPU.Build.0 = Release|Any CPU
		{EE5C53C5-60E3-46F2-B31B-42F7D7A19E2E}.Debug|Any CPU.ActiveCfg = Debug|Any CPU
		{EE5C53C5-60E3-46F2-B31B-42F7D7A19E2E}.Debug|Any CPU.Build.0 = Debug|Any CPU
		{EE5C53C5-60E3-46F2-B31B-42F7D7A19E2E}.Dev|Any CPU.ActiveCfg = Dev|Any CPU
		{EE5C53C5-60E3-46F2-B31B-42F7D7A19E2E}.Dev|Any CPU.Build.0 = Dev|Any CPU
		{EE5C53C5-60E3-46F2-B31B-42F7D7A19E2E}.Qa|Any CPU.ActiveCfg = Qa|Any CPU
		{EE5C53C5-60E3-46F2-B31B-42F7D7A19E2E}.Qa|Any CPU.Build.0 = Qa|Any CPU
		{EE5C53C5-60E3-46F2-B31B-42F7D7A19E2E}.Release|Any CPU.ActiveCfg = Release|Any CPU
		{EE5C53C5-60E3-46F2-B31B-42F7D7A19E2E}.Release|Any CPU.Build.0 = Release|Any CPU
		{8B39E151-B67D-4C39-AADA-9EFD70FA6659}.Debug|Any CPU.ActiveCfg = Debug|Any CPU
		{8B39E151-B67D-4C39-AADA-9EFD70FA6659}.Debug|Any CPU.Build.0 = Debug|Any CPU
		{8B39E151-B67D-4C39-AADA-9EFD70FA6659}.Dev|Any CPU.ActiveCfg = Dev|Any CPU
		{8B39E151-B67D-4C39-AADA-9EFD70FA6659}.Dev|Any CPU.Build.0 = Dev|Any CPU
		{8B39E151-B67D-4C39-AADA-9EFD70FA6659}.Qa|Any CPU.ActiveCfg = Qa|Any CPU
		{8B39E151-B67D-4C39-AADA-9EFD70FA6659}.Qa|Any CPU.Build.0 = Qa|Any CPU
		{8B39E151-B67D-4C39-AADA-9EFD70FA6659}.Release|Any CPU.ActiveCfg = Release|Any CPU
		{8B39E151-B67D-4C39-AADA-9EFD70FA6659}.Release|Any CPU.Build.0 = Release|Any CPU
		{ECB55012-DD51-4E32-A000-0B0BF2F7D95A}.Debug|Any CPU.ActiveCfg = Debug|Any CPU
		{ECB55012-DD51-4E32-A000-0B0BF2F7D95A}.Debug|Any CPU.Build.0 = Debug|Any CPU
		{ECB55012-DD51-4E32-A000-0B0BF2F7D95A}.Dev|Any CPU.ActiveCfg = Dev|Any CPU
		{ECB55012-DD51-4E32-A000-0B0BF2F7D95A}.Dev|Any CPU.Build.0 = Dev|Any CPU
		{ECB55012-DD51-4E32-A000-0B0BF2F7D95A}.Qa|Any CPU.ActiveCfg = Qa|Any CPU
		{ECB55012-DD51-4E32-A000-0B0BF2F7D95A}.Qa|Any CPU.Build.0 = Qa|Any CPU
		{ECB55012-DD51-4E32-A000-0B0BF2F7D95A}.Release|Any CPU.ActiveCfg = Release|Any CPU
		{ECB55012-DD51-4E32-A000-0B0BF2F7D95A}.Release|Any CPU.Build.0 = Release|Any CPU
		{611E30CF-E3F8-49FE-ACDE-DDF0DE02CD7A}.Debug|Any CPU.ActiveCfg = Debug|Any CPU
		{611E30CF-E3F8-49FE-ACDE-DDF0DE02CD7A}.Debug|Any CPU.Build.0 = Debug|Any CPU
		{611E30CF-E3F8-49FE-ACDE-DDF0DE02CD7A}.Dev|Any CPU.ActiveCfg = Dev|Any CPU
		{611E30CF-E3F8-49FE-ACDE-DDF0DE02CD7A}.Dev|Any CPU.Build.0 = Dev|Any CPU
		{611E30CF-E3F8-49FE-ACDE-DDF0DE02CD7A}.Qa|Any CPU.ActiveCfg = Qa|Any CPU
		{611E30CF-E3F8-49FE-ACDE-DDF0DE02CD7A}.Qa|Any CPU.Build.0 = Qa|Any CPU
		{611E30CF-E3F8-49FE-ACDE-DDF0DE02CD7A}.Release|Any CPU.ActiveCfg = Release|Any CPU
		{611E30CF-E3F8-49FE-ACDE-DDF0DE02CD7A}.Release|Any CPU.Build.0 = Release|Any CPU
		{B6B80EE2-CA24-4275-8A88-1583FD16CAD0}.Debug|Any CPU.ActiveCfg = Debug|Any CPU
		{B6B80EE2-CA24-4275-8A88-1583FD16CAD0}.Debug|Any CPU.Build.0 = Debug|Any CPU
		{B6B80EE2-CA24-4275-8A88-1583FD16CAD0}.Dev|Any CPU.ActiveCfg = Dev|Any CPU
		{B6B80EE2-CA24-4275-8A88-1583FD16CAD0}.Dev|Any CPU.Build.0 = Dev|Any CPU
		{B6B80EE2-CA24-4275-8A88-1583FD16CAD0}.Qa|Any CPU.ActiveCfg = Qa|Any CPU
		{B6B80EE2-CA24-4275-8A88-1583FD16CAD0}.Qa|Any CPU.Build.0 = Qa|Any CPU
		{B6B80EE2-CA24-4275-8A88-1583FD16CAD0}.Release|Any CPU.ActiveCfg = Release|Any CPU
		{B6B80EE2-CA24-4275-8A88-1583FD16CAD0}.Release|Any CPU.Build.0 = Release|Any CPU
		{45DC6511-B5EE-444C-A773-911C7F0D5C53}.Debug|Any CPU.ActiveCfg = Debug|Any CPU
		{45DC6511-B5EE-444C-A773-911C7F0D5C53}.Debug|Any CPU.Build.0 = Debug|Any CPU
		{45DC6511-B5EE-444C-A773-911C7F0D5C53}.Dev|Any CPU.ActiveCfg = Dev|Any CPU
		{45DC6511-B5EE-444C-A773-911C7F0D5C53}.Dev|Any CPU.Build.0 = Dev|Any CPU
		{45DC6511-B5EE-444C-A773-911C7F0D5C53}.Qa|Any CPU.ActiveCfg = Qa|Any CPU
		{45DC6511-B5EE-444C-A773-911C7F0D5C53}.Qa|Any CPU.Build.0 = Qa|Any CPU
		{45DC6511-B5EE-444C-A773-911C7F0D5C53}.Release|Any CPU.ActiveCfg = Release|Any CPU
		{45DC6511-B5EE-444C-A773-911C7F0D5C53}.Release|Any CPU.Build.0 = Release|Any CPU
		{C09F88D0-4846-48D7-8C15-8FA6861D4344}.Debug|Any CPU.ActiveCfg = Debug|Any CPU
		{C09F88D0-4846-48D7-8C15-8FA6861D4344}.Debug|Any CPU.Build.0 = Debug|Any CPU
		{C09F88D0-4846-48D7-8C15-8FA6861D4344}.Dev|Any CPU.ActiveCfg = Dev|Any CPU
		{C09F88D0-4846-48D7-8C15-8FA6861D4344}.Dev|Any CPU.Build.0 = Dev|Any CPU
		{C09F88D0-4846-48D7-8C15-8FA6861D4344}.Qa|Any CPU.ActiveCfg = Qa|Any CPU
		{C09F88D0-4846-48D7-8C15-8FA6861D4344}.Qa|Any CPU.Build.0 = Qa|Any CPU
		{C09F88D0-4846-48D7-8C15-8FA6861D4344}.Release|Any CPU.ActiveCfg = Release|Any CPU
		{C09F88D0-4846-48D7-8C15-8FA6861D4344}.Release|Any CPU.Build.0 = Release|Any CPU
		{E81DE0FA-E828-4D3A-AF74-29C8B86CA953}.Debug|Any CPU.ActiveCfg = Debug|Any CPU
		{E81DE0FA-E828-4D3A-AF74-29C8B86CA953}.Debug|Any CPU.Build.0 = Debug|Any CPU
		{E81DE0FA-E828-4D3A-AF74-29C8B86CA953}.Dev|Any CPU.ActiveCfg = Dev|Any CPU
		{E81DE0FA-E828-4D3A-AF74-29C8B86CA953}.Dev|Any CPU.Build.0 = Dev|Any CPU
		{E81DE0FA-E828-4D3A-AF74-29C8B86CA953}.Qa|Any CPU.ActiveCfg = Qa|Any CPU
		{E81DE0FA-E828-4D3A-AF74-29C8B86CA953}.Qa|Any CPU.Build.0 = Qa|Any CPU
		{E81DE0FA-E828-4D3A-AF74-29C8B86CA953}.Release|Any CPU.ActiveCfg = Release|Any CPU
		{E81DE0FA-E828-4D3A-AF74-29C8B86CA953}.Release|Any CPU.Build.0 = Release|Any CPU
	EndGlobalSection
	GlobalSection(SolutionProperties) = preSolution
		HideSolutionNode = FALSE
	EndGlobalSection
	GlobalSection(NestedProjects) = preSolution
		{8043B6E6-FEB9-4521-87C0-6854C9A742A6} = {FED15775-7BEB-4FAF-BEF9-843960F8C890}
		{B967F57F-47F2-4272-B6ED-A9FC32664248} = {FED15775-7BEB-4FAF-BEF9-843960F8C890}
		{CCFD5513-281B-438F-9648-6EBAFEDB7CC1} = {B00F447E-9213-4875-A8BD-244CA7E33318}
		{EE5C53C5-60E3-46F2-B31B-42F7D7A19E2E} = {B00F447E-9213-4875-A8BD-244CA7E33318}
		{8B39E151-B67D-4C39-AADA-9EFD70FA6659} = {D3D9B52E-0883-4163-B8BC-3175DB6A992D}
		{ECB55012-DD51-4E32-A000-0B0BF2F7D95A} = {D3D9B52E-0883-4163-B8BC-3175DB6A992D}
		{611E30CF-E3F8-49FE-ACDE-DDF0DE02CD7A} = {D3D9B52E-0883-4163-B8BC-3175DB6A992D}
		{D3D9B52E-0883-4163-B8BC-3175DB6A992D} = {B00F447E-9213-4875-A8BD-244CA7E33318}
		{B6B80EE2-CA24-4275-8A88-1583FD16CAD0} = {20F75D05-95E5-4E50-9E2E-C7A9D38E826C}
		{45DC6511-B5EE-444C-A773-911C7F0D5C53} = {20F75D05-95E5-4E50-9E2E-C7A9D38E826C}
		{C09F88D0-4846-48D7-8C15-8FA6861D4344} = {D3D9B52E-0883-4163-B8BC-3175DB6A992D}
		{E81DE0FA-E828-4D3A-AF74-29C8B86CA953} = {B00F447E-9213-4875-A8BD-244CA7E33318}
	EndGlobalSection
	GlobalSection(ExtensibilityGlobals) = postSolution
		SolutionGuid = {8D275932-FBCE-4824-8276-FCDC4B004194}
	EndGlobalSection
EndGlobal
